
Microsoft Visual Studio Solution File, Format Version 12.00
# Visual Studio Version 17
VisualStudioVersion = 17.8.34525.116
MinimumVisualStudioVersion = 10.0.40219.1
Project("{FAE04EC0-301F-11D3-BF4B-00C04F79EFBC}") = "AI_ImageGeneration", "AI_ImageGeneration\AI_ImageGeneration.csproj", "{27447ADA-8AAD-49AE-9337-33FB59748AEA}"
EndProject
Global
	GlobalSection(SolutionConfigurationPlatforms) = preSolution
		Debug|Any CPU = Debug|Any CPU
		Release|Any CPU = Release|Any CPU
	EndGlobalSection
	GlobalSection(ProjectConfigurationPlatforms) = postSolution
		{27447ADA-8AAD-49AE-9337-33FB59748AEA}.Debug|Any CPU.ActiveCfg = Debug|Any CPU
		{27447ADA-8AAD-49AE-9337-33FB59748AEA}.Debug|Any CPU.Build.0 = Debug|Any CPU
		{27447ADA-8AAD-49AE-9337-33FB59748AEA}.Release|Any CPU.ActiveCfg = Release|Any CPU
		{27447ADA-8AAD-49AE-9337-33FB59748AEA}.Release|Any CPU.Build.0 = Release|Any CPU
	EndGlobalSection
	GlobalSection(SolutionProperties) = preSolution
		HideSolutionNode = FALSE
	EndGlobalSection
	GlobalSection(ExtensibilityGlobals) = postSolution
		SolutionGuid = {7ACD745E-8294-4573-844D-C4F57245A4D8}
	EndGlobalSection
EndGlobal
